
Microsoft Visual Studio Solution File, Format Version 12.00
# Visual Studio Version 17
VisualStudioVersion = 17.14.36511.14 d17.14
MinimumVisualStudioVersion = 10.0.40219.1
Project("{FAE04EC0-301F-11D3-BF4B-00C04F79EFBC}") = "UIAutomation", "UIAutomation.csproj", "{15369EA3-3CDF-4CDF-8797-4232D7501764}"
EndProject
Global
	GlobalSection(SolutionConfigurationPlatforms) = preSolution
		Debug|Any CPU = Debug|Any CPU
		Release|Any CPU = Release|Any CPU
	EndGlobalSection
	GlobalSection(ProjectConfigurationPlatforms) = postSolution
		{15369EA3-3CDF-4CDF-8797-4232D7501764}.Debug|Any CPU.ActiveCfg = Debug|Any CPU
		{15369EA3-3CDF-4CDF-8797-4232D7501764}.Debug|Any CPU.Build.0 = Debug|Any CPU
		{15369EA3-3CDF-4CDF-8797-4232D7501764}.Release|Any CPU.ActiveCfg = Release|Any CPU
		{15369EA3-3CDF-4CDF-8797-4232D7501764}.Release|Any CPU.Build.0 = Release|Any CPU
	EndGlobalSection
	GlobalSection(SolutionProperties) = preSolution
		HideSolutionNode = FALSE
	EndGlobalSection
	GlobalSection(ExtensibilityGlobals) = postSolution
		SolutionGuid = {D137A9CB-4187-4837-BDD7-9D977AF44309}
	EndGlobalSection
EndGlobal
